
Microsoft Visual Studio Solution File, Format Version 12.00
# Visual Studio Version 17
VisualStudioVersion = 17.6.33829.357
MinimumVisualStudioVersion = 10.0.40219.1
Project("{FAE04EC0-301F-11D3-BF4B-00C04F79EFBC}") = "WebAPI", "WebAPI\WebAPI.csproj", "{7ACA3868-84E9-4FC4-ABEF-DAB867F8CF18}"
EndProject
Global
	GlobalSection(SolutionConfigurationPlatforms) = preSolution
		Debug|Any CPU = Debug|Any CPU
		Release|Any CPU = Release|Any CPU
	EndGlobalSection
	GlobalSection(ProjectConfigurationPlatforms) = postSolution
		{7ACA3868-84E9-4FC4-ABEF-DAB867F8CF18}.Debug|Any CPU.ActiveCfg = Debug|Any CPU
		{7ACA3868-84E9-4FC4-ABEF-DAB867F8CF18}.Debug|Any CPU.Build.0 = Debug|Any CPU
		{7ACA3868-84E9-4FC4-ABEF-DAB867F8CF18}.Release|Any CPU.ActiveCfg = Release|Any CPU
		{7ACA3868-84E9-4FC4-ABEF-DAB867F8CF18}.Release|Any CPU.Build.0 = Release|Any CPU
	EndGlobalSection
	GlobalSection(SolutionProperties) = preSolution
		HideSolutionNode = FALSE
	EndGlobalSection
	GlobalSection(ExtensibilityGlobals) = postSolution
		SolutionGuid = {D9D167F2-F82E-4C35-97D3-67F4E170EE8B}
	EndGlobalSection
EndGlobal
